
Microsoft Visual Studio Solution File, Format Version 12.00
# Visual Studio Version 16
VisualStudioVersion = 16.0.29020.237
MinimumVisualStudioVersion = 10.0.40219.1
Project("{888888A0-9F3D-457C-B088-3A5042F75D52}") = "nn_gen", "nn_gen\nn_gen.pyproj", "{70556D3A-8A9B-4047-965B-DCD87DA83E63}"
EndProject
Project("{888888A0-9F3D-457C-B088-3A5042F75D52}") = "parameter_optimization", "parameter_optimization\parameter_optimization.pyproj", "{3C294996-4245-4BCE-AC53-2528139DBBAF}"
EndProject
Global
	GlobalSection(SolutionConfigurationPlatforms) = preSolution
		Debug|Any CPU = Debug|Any CPU
		Release|Any CPU = Release|Any CPU
	EndGlobalSection
	GlobalSection(ProjectConfigurationPlatforms) = postSolution
		{70556D3A-8A9B-4047-965B-DCD87DA83E63}.Debug|Any CPU.ActiveCfg = Debug|Any CPU
		{70556D3A-8A9B-4047-965B-DCD87DA83E63}.Release|Any CPU.ActiveCfg = Release|Any CPU
		{3C294996-4245-4BCE-AC53-2528139DBBAF}.Debug|Any CPU.ActiveCfg = Debug|Any CPU
		{3C294996-4245-4BCE-AC53-2528139DBBAF}.Release|Any CPU.ActiveCfg = Release|Any CPU
	EndGlobalSection
	GlobalSection(SolutionProperties) = preSolution
		HideSolutionNode = FALSE
	EndGlobalSection
	GlobalSection(ExtensibilityGlobals) = postSolution
		SolutionGuid = {53414BA5-75B8-4B2E-9E56-203C0B7F874E}
	EndGlobalSection
EndGlobal
